// !$*UTF8*$!
{
	archiveVersion = 1;
	classes = {
	};
	objectVersion = 46;
	objects = {

/* Begin PBXBuildFile section */
		DD0BAD5CF1034C009595BD72 /* libPods.a in Frameworks */ = {isa = PBXBuildFile; fileRef = 4CC137A8165047389868E89F /* libPods.a */; };
		F831EF2E187C5BBB00384844 /* XCTest.framework in Frameworks */ = {isa = PBXBuildFile; fileRef = F831EF2D187C5BBB00384844 /* XCTest.framework */; };
		F831EF2F187C5BBB00384844 /* Foundation.framework in Frameworks */ = {isa = PBXBuildFile; fileRef = F831EF14187C5BBB00384844 /* Foundation.framework */; };
		F831EF30187C5BBB00384844 /* UIKit.framework in Frameworks */ = {isa = PBXBuildFile; fileRef = F831EF18187C5BBB00384844 /* UIKit.framework */; };
		F8AFF56E187C5DB800911FFC /* NSStringSpec.m in Sources */ = {isa = PBXBuildFile; fileRef = F8AFF56D187C5DB800911FFC /* NSStringSpec.m */; };
		F8AFF571187C5F0400911FFC /* NSString+TBEncryption.m in Sources */ = {isa = PBXBuildFile; fileRef = F8AFF570187C5F0400911FFC /* NSString+TBEncryption.m */; };
/* End PBXBuildFile section */

/* Begin PBXFileReference section */
		0644B53FAB9C4BAE8386B304 /* Pods.xcconfig */ = {isa = PBXFileReference; includeInIndex = 1; lastKnownFileType = text.xcconfig; name = Pods.xcconfig; path = Pods/Pods.xcconfig; sourceTree = "<group>"; };
		4CC137A8165047389868E89F /* libPods.a */ = {isa = PBXFileReference; explicitFileType = archive.ar; includeInIndex = 0; path = libPods.a; sourceTree = BUILT_PRODUCTS_DIR; };
		F831EF14187C5BBB00384844 /* Foundation.framework */ = {isa = PBXFileReference; lastKnownFileType = wrapper.framework; name = Foundation.framework; path = System/Library/Frameworks/Foundation.framework; sourceTree = SDKROOT; };
		F831EF16187C5BBB00384844 /* CoreGraphics.framework */ = {isa = PBXFileReference; lastKnownFileType = wrapper.framework; name = CoreGraphics.framework; path = System/Library/Frameworks/CoreGraphics.framework; sourceTree = SDKROOT; };
		F831EF18187C5BBB00384844 /* UIKit.framework */ = {isa = PBXFileReference; lastKnownFileType = wrapper.framework; name = UIKit.framework; path = System/Library/Frameworks/UIKit.framework; sourceTree = SDKROOT; };
		F831EF2C187C5BBB00384844 /* NSStringEncryptionTests.xctest */ = {isa = PBXFileReference; explicitFileType = wrapper.cfbundle; includeInIndex = 0; path = NSStringEncryptionTests.xctest; sourceTree = BUILT_PRODUCTS_DIR; };
		F831EF2D187C5BBB00384844 /* XCTest.framework */ = {isa = PBXFileReference; lastKnownFileType = wrapper.framework; name = XCTest.framework; path = Library/Frameworks/XCTest.framework; sourceTree = DEVELOPER_DIR; };
		F8AFF56D187C5DB800911FFC /* NSStringSpec.m */ = {isa = PBXFileReference; fileEncoding = 4; lastKnownFileType = sourcecode.c.objc; path = NSStringSpec.m; sourceTree = "<group>"; };
		F8AFF56F187C5F0400911FFC /* NSString+TBEncryption.h */ = {isa = PBXFileReference; fileEncoding = 4; lastKnownFileType = sourcecode.c.h; path = "NSString+TBEncryption.h"; sourceTree = "<group>"; };
		F8AFF570187C5F0400911FFC /* NSString+TBEncryption.m */ = {isa = PBXFileReference; fileEncoding = 4; lastKnownFileType = sourcecode.c.objc; path = "NSString+TBEncryption.m"; sourceTree = "<group>"; };
		F8C87A75187C5D01003104FF /* NSStringEncryptionTests-Info.plist */ = {isa = PBXFileReference; fileEncoding = 4; lastKnownFileType = text.plist.xml; path = "NSStringEncryptionTests-Info.plist"; sourceTree = "<group>"; };
		F8C87A78187C5D1D003104FF /* NSStringEncryptionTests-Prefix.pch */ = {isa = PBXFileReference; lastKnownFileType = sourcecode.c.h; path = "NSStringEncryptionTests-Prefix.pch"; sourceTree = "<group>"; };
/* End PBXFileReference section */

/* Begin PBXFrameworksBuildPhase section */
		F831EF29187C5BBB00384844 /* Frameworks */ = {
			isa = PBXFrameworksBuildPhase;
			buildActionMask = 2147483647;
			files = (
				F831EF2E187C5BBB00384844 /* XCTest.framework in Frameworks */,
				F831EF30187C5BBB00384844 /* UIKit.framework in Frameworks */,
				F831EF2F187C5BBB00384844 /* Foundation.framework in Frameworks */,
				DD0BAD5CF1034C009595BD72 /* libPods.a in Frameworks */,
			);
			runOnlyForDeploymentPostprocessing = 0;
		};
/* End PBXFrameworksBuildPhase section */

/* Begin PBXGroup section */
		F831EF08187C5BBB00384844 = {
			isa = PBXGroup;
			children = (
				F8C87A72187C5D01003104FF /* Source */,
				F8C87A73187C5D01003104FF /* Unit Tests */,
				F831EF13187C5BBB00384844 /* Frameworks */,
				F831EF12187C5BBB00384844 /* Products */,
				0644B53FAB9C4BAE8386B304 /* Pods.xcconfig */,
			);
			indentWidth = 4;
			sourceTree = "<group>";
			tabWidth = 4;
			usesTabs = 0;
		};
		F831EF12187C5BBB00384844 /* Products */ = {
			isa = PBXGroup;
			children = (
				F831EF2C187C5BBB00384844 /* NSStringEncryptionTests.xctest */,
			);
			name = Products;
			sourceTree = "<group>";
		};
		F831EF13187C5BBB00384844 /* Frameworks */ = {
			isa = PBXGroup;
			children = (
				F831EF14187C5BBB00384844 /* Foundation.framework */,
				F831EF16187C5BBB00384844 /* CoreGraphics.framework */,
				F831EF18187C5BBB00384844 /* UIKit.framework */,
				F831EF2D187C5BBB00384844 /* XCTest.framework */,
				4CC137A8165047389868E89F /* libPods.a */,
			);
			name = Frameworks;
			sourceTree = "<group>";
		};
		F8C87A72187C5D01003104FF /* Source */ = {
			isa = PBXGroup;
			children = (
				F8AFF56F187C5F0400911FFC /* NSString+TBEncryption.h */,
				F8AFF570187C5F0400911FFC /* NSString+TBEncryption.m */,
			);
			path = Source;
			sourceTree = "<group>";
		};
		F8C87A73187C5D01003104FF /* Unit Tests */ = {
			isa = PBXGroup;
			children = (
				F8C87A74187C5D01003104FF /* Resources */,
				F8C87A76187C5D01003104FF /* Tests */,
			);
			path = "Unit Tests";
			sourceTree = "<group>";
		};
		F8C87A74187C5D01003104FF /* Resources */ = {
			isa = PBXGroup;
			children = (
				F8C87A75187C5D01003104FF /* NSStringEncryptionTests-Info.plist */,
				F8C87A78187C5D1D003104FF /* NSStringEncryptionTests-Prefix.pch */,
			);
			path = Resources;
			sourceTree = "<group>";
		};
		F8C87A76187C5D01003104FF /* Tests */ = {
			isa = PBXGroup;
			children = (
				F8AFF56D187C5DB800911FFC /* NSStringSpec.m */,
			);
			path = Tests;
			sourceTree = "<group>";
		};
/* End PBXGroup section */

/* Begin PBXNativeTarget section */
		F831EF2B187C5BBB00384844 /* NSStringEncryptionTests */ = {
			isa = PBXNativeTarget;
			buildConfigurationList = F831EF40187C5BBB00384844 /* Build configuration list for PBXNativeTarget "NSStringEncryptionTests" */;
			buildPhases = (
				88EFBE3A95754EEF9DF71AB5 /* Check Pods Manifest.lock */,
				F831EF28187C5BBB00384844 /* Sources */,
				F831EF29187C5BBB00384844 /* Frameworks */,
				F831EF2A187C5BBB00384844 /* Resources */,
				326D60AC0A0E42DABBB55323 /* Copy Pods Resources */,
			);
			buildRules = (
			);
			dependencies = (
			);
			name = NSStringEncryptionTests;
			productName = NSStringEncryptionTests;
			productReference = F831EF2C187C5BBB00384844 /* NSStringEncryptionTests.xctest */;
			productType = "com.apple.product-type.bundle.unit-test";
		};
/* End PBXNativeTarget section */

/* Begin PBXProject section */
		F831EF09187C5BBB00384844 /* Project object */ = {
			isa = PBXProject;
			attributes = {
				CLASSPREFIX = TB;
				LastUpgradeCheck = 0500;
				ORGANIZATIONNAME = thoughtbot;
				TargetAttributes = {
					F831EF2B187C5BBB00384844 = {
						TestTargetID = F831EF10187C5BBB00384844;
					};
				};
			};
			buildConfigurationList = F831EF0C187C5BBB00384844 /* Build configuration list for PBXProject "NSStringEncryption" */;
			compatibilityVersion = "Xcode 3.2";
			developmentRegion = English;
			hasScannedForEncodings = 0;
			knownRegions = (
				en,
			);
			mainGroup = F831EF08187C5BBB00384844;
			productRefGroup = F831EF12187C5BBB00384844 /* Products */;
			projectDirPath = "";
			projectRoot = "";
			targets = (
				F831EF2B187C5BBB00384844 /* NSStringEncryptionTests */,
			);
		};
/* End PBXProject section */

/* Begin PBXResourcesBuildPhase section */
		F831EF2A187C5BBB00384844 /* Resources */ = {
			isa = PBXResourcesBuildPhase;
			buildActionMask = 2147483647;
			files = (
			);
			runOnlyForDeploymentPostprocessing = 0;
		};
/* End PBXResourcesBuildPhase section */

/* Begin PBXShellScriptBuildPhase section */
		326D60AC0A0E42DABBB55323 /* Copy Pods Resources */ = {
			isa = PBXShellScriptBuildPhase;
			buildActionMask = 2147483647;
			files = (
			);
			inputPaths = (
			);
			name = "Copy Pods Resources";
			outputPaths = (
			);
			runOnlyForDeploymentPostprocessing = 0;
			shellPath = /bin/sh;
			shellScript = "\"${SRCROOT}/Pods/Pods-resources.sh\"\n";
			showEnvVarsInLog = 0;
		};
		88EFBE3A95754EEF9DF71AB5 /* Check Pods Manifest.lock */ = {
			isa = PBXShellScriptBuildPhase;
			buildActionMask = 2147483647;
			files = (
			);
			inputPaths = (
			);
			name = "Check Pods Manifest.lock";
			outputPaths = (
			);
			runOnlyForDeploymentPostprocessing = 0;
			shellPath = /bin/sh;
			shellScript = "diff \"${PODS_ROOT}/../Podfile.lock\" \"${PODS_ROOT}/Manifest.lock\" > /dev/null\nif [[ $? != 0 ]] ; then\n    cat << EOM\nerror: The sandbox is not in sync with the Podfile.lock. Run 'pod install' or update your CocoaPods installation.\nEOM\n    exit 1\nfi\n";
			showEnvVarsInLog = 0;
		};
/* End PBXShellScriptBuildPhase section */

/* Begin PBXSourcesBuildPhase section */
		F831EF28187C5BBB00384844 /* Sources */ = {
			isa = PBXSourcesBuildPhase;
			buildActionMask = 2147483647;
			files = (
				F8AFF571187C5F0400911FFC /* NSString+TBEncryption.m in Sources */,
				F8AFF56E187C5DB800911FFC /* NSStringSpec.m in Sources */,
			);
			runOnlyForDeploymentPostprocessing = 0;
		};
/* End PBXSourcesBuildPhase section */

/* Begin XCBuildConfiguration section */
		F831EF3B187C5BBB00384844 /* Debug */ = {
			isa = XCBuildConfiguration;
			buildSettings = {
				ALWAYS_SEARCH_USER_PATHS = NO;
				ARCHS = "$(ARCHS_STANDARD_INCLUDING_64_BIT)";
				CLANG_CXX_LANGUAGE_STANDARD = "gnu++0x";
				CLANG_CXX_LIBRARY = "libc++";
				CLANG_ENABLE_MODULES = YES;
				CLANG_ENABLE_OBJC_ARC = YES;
				CLANG_WARN_BOOL_CONVERSION = YES;
				CLANG_WARN_CONSTANT_CONVERSION = YES;
				CLANG_WARN_DEPRECATED_OBJC_IMPLEMENTATIONS = YES;
				CLANG_WARN_DIRECT_OBJC_ISA_USAGE = YES_ERROR;
				CLANG_WARN_EMPTY_BODY = YES;
				CLANG_WARN_ENUM_CONVERSION = YES;
				CLANG_WARN_INT_CONVERSION = YES;
				CLANG_WARN_OBJC_IMPLICIT_RETAIN_SELF = YES;
				CLANG_WARN_OBJC_ROOT_CLASS = YES_ERROR;
				CLANG_WARN__DUPLICATE_METHOD_MATCH = YES;
				"CODE_SIGN_IDENTITY[sdk=iphoneos*]" = "iPhone Developer";
				COPY_PHASE_STRIP = NO;
				GCC_C_LANGUAGE_STANDARD = gnu99;
				GCC_DYNAMIC_NO_PIC = NO;
				GCC_OPTIMIZATION_LEVEL = 0;
				GCC_PREPROCESSOR_DEFINITIONS = (
					"DEBUG=1",
					"$(inherited)",
				);
				GCC_SYMBOLS_PRIVATE_EXTERN = NO;
				GCC_WARN_64_TO_32_BIT_CONVERSION = YES;
				GCC_WARN_ABOUT_MISSING_FIELD_INITIALIZERS = YES;
				GCC_WARN_ABOUT_MISSING_NEWLINE = YES;
				GCC_WARN_ABOUT_RETURN_TYPE = YES;
				GCC_WARN_CHECK_SWITCH_STATEMENTS = YES;
				GCC_WARN_INITIALIZER_NOT_FULLY_BRACKETED = YES;
				GCC_WARN_MISSING_PARENTHESES = YES;
				GCC_WARN_SHADOW = YES;
				GCC_WARN_SIGN_COMPARE = YES;
				GCC_WARN_TYPECHECK_CALLS_TO_PRINTF = YES;
				GCC_WARN_UNDECLARED_SELECTOR = YES;
				GCC_WARN_UNINITIALIZED_AUTOS = YES;
				GCC_WARN_UNUSED_FUNCTION = YES;
				GCC_WARN_UNUSED_LABEL = YES;
				GCC_WARN_UNUSED_VALUE = YES;
				GCC_WARN_UNUSED_VARIABLE = YES;
				IPHONEOS_DEPLOYMENT_TARGET = 7.0;
				ONLY_ACTIVE_ARCH = YES;
				RUN_CLANG_STATIC_ANALYZER = YES;
				SDKROOT = iphoneos;
			};
			name = Debug;
		};
		F831EF3C187C5BBB00384844 /* Release */ = {
			isa = XCBuildConfiguration;
			buildSettings = {
				ALWAYS_SEARCH_USER_PATHS = NO;
				ARCHS = "$(ARCHS_STANDARD_INCLUDING_64_BIT)";
				CLANG_CXX_LANGUAGE_STANDARD = "gnu++0x";
				CLANG_CXX_LIBRARY = "libc++";
				CLANG_ENABLE_MODULES = YES;
				CLANG_ENABLE_OBJC_ARC = YES;
				CLANG_WARN_BOOL_CONVERSION = YES;
				CLANG_WARN_CONSTANT_CONVERSION = YES;
				CLANG_WARN_DEPRECATED_OBJC_IMPLEMENTATIONS = YES;
				CLANG_WARN_DIRECT_OBJC_ISA_USAGE = YES_ERROR;
				CLANG_WARN_EMPTY_BODY = YES;
				CLANG_WARN_ENUM_CONVERSION = YES;
				CLANG_WARN_INT_CONVERSION = YES;
				CLANG_WARN_OBJC_IMPLICIT_RETAIN_SELF = YES;
				CLANG_WARN_OBJC_ROOT_CLASS = YES_ERROR;
				CLANG_WARN__DUPLICATE_METHOD_MATCH = YES;
				"CODE_SIGN_IDENTITY[sdk=iphoneos*]" = "iPhone Developer";
				COPY_PHASE_STRIP = YES;
				ENABLE_NS_ASSERTIONS = NO;
				GCC_C_LANGUAGE_STANDARD = gnu99;
				GCC_WARN_64_TO_32_BIT_CONVERSION = YES;
				GCC_WARN_ABOUT_MISSING_FIELD_INITIALIZERS = YES;
				GCC_WARN_ABOUT_MISSING_NEWLINE = YES;
				GCC_WARN_ABOUT_RETURN_TYPE = YES;
				GCC_WARN_CHECK_SWITCH_STATEMENTS = YES;
				GCC_WARN_INITIALIZER_NOT_FULLY_BRACKETED = YES;
				GCC_WARN_MISSING_PARENTHESES = YES;
				GCC_WARN_SHADOW = YES;
				GCC_WARN_SIGN_COMPARE = YES;
				GCC_WARN_TYPECHECK_CALLS_TO_PRINTF = YES;
				GCC_WARN_UNDECLARED_SELECTOR = YES;
				GCC_WARN_UNINITIALIZED_AUTOS = YES;
				GCC_WARN_UNUSED_FUNCTION = YES;
				GCC_WARN_UNUSED_LABEL = YES;
				GCC_WARN_UNUSED_VALUE = YES;
				GCC_WARN_UNUSED_VARIABLE = YES;
				IPHONEOS_DEPLOYMENT_TARGET = 7.0;
				RUN_CLANG_STATIC_ANALYZER = YES;
				SDKROOT = iphoneos;
				VALIDATE_PRODUCT = YES;
			};
			name = Release;
		};
		F831EF41187C5BBB00384844 /* Debug */ = {
			isa = XCBuildConfiguration;
			baseConfigurationReference = 0644B53FAB9C4BAE8386B304 /* Pods.xcconfig */;
			buildSettings = {
				ARCHS = "$(ARCHS_STANDARD_INCLUDING_64_BIT)";
				FRAMEWORK_SEARCH_PATHS = (
					"$(SDKROOT)/Developer/Library/Frameworks",
					"$(inherited)",
					"$(DEVELOPER_FRAMEWORKS_DIR)",
				);
				GCC_PRECOMPILE_PREFIX_HEADER = YES;
				GCC_PREFIX_HEADER = "Unit Tests/Resources/NSStringEncryptionTests-Prefix.pch";
				GCC_PREPROCESSOR_DEFINITIONS = (
					"DEBUG=1",
					"$(inherited)",
				);
				INFOPLIST_FILE = "Unit Tests/Resources/NSStringEncryptionTests-Info.plist";
				LIBRARY_SEARCH_PATHS = (
					"$(inherited)",
					"$(SDKROOT)/usr/lib/system",
				);
				PRODUCT_NAME = "$(TARGET_NAME)";
				TEST_HOST = "$(BUNDLE_LOADER)";
				WRAPPER_EXTENSION = xctest;
			};
			name = Debug;
		};
		F831EF42187C5BBB00384844 /* Release */ = {
			isa = XCBuildConfiguration;
			baseConfigurationReference = 0644B53FAB9C4BAE8386B304 /* Pods.xcconfig */;
			buildSettings = {
				ARCHS = "$(ARCHS_STANDARD_INCLUDING_64_BIT)";
				FRAMEWORK_SEARCH_PATHS = (
					"$(SDKROOT)/Developer/Library/Frameworks",
					"$(inherited)",
					"$(DEVELOPER_FRAMEWORKS_DIR)",
				);
				GCC_PRECOMPILE_PREFIX_HEADER = YES;
				GCC_PREFIX_HEADER = "Unit Tests/Resources/NSStringEncryptionTests-Prefix.pch";
				INFOPLIST_FILE = "Unit Tests/Resources/NSStringEncryptionTests-Info.plist";
				LIBRARY_SEARCH_PATHS = (
					"$(inherited)",
					"$(SDKROOT)/usr/lib/system",
				);
				PRODUCT_NAME = "$(TARGET_NAME)";
				TEST_HOST = "$(BUNDLE_LOADER)";
				WRAPPER_EXTENSION = xctest;
			};
			name = Release;
		};
/* End XCBuildConfiguration section */

/* Begin XCConfigurationList section */
		F831EF0C187C5BBB00384844 /* Build configuration list for PBXProject "NSStringEncryption" */ = {
			isa = XCConfigurationList;
			buildConfigurations = (
				F831EF3B187C5BBB00384844 /* Debug */,
				F831EF3C187C5BBB00384844 /* Release */,
			);
			defaultConfigurationIsVisible = 0;
			defaultConfigurationName = Release;
		};
		F831EF40187C5BBB00384844 /* Build configuration list for PBXNativeTarget "NSStringEncryptionTests" */ = {
			isa = XCConfigurationList;
			buildConfigurations = (
				F831EF41187C5BBB00384844 /* Debug */,
				F831EF42187C5BBB00384844 /* Release */,
			);
			defaultConfigurationIsVisible = 0;
			defaultConfigurationName = Release;
		};
/* End XCConfigurationList section */
	};
	rootObject = F831EF09187C5BBB00384844 /* Project object */;
}
